// !$*UTF8*$!
{
	archiveVersion = 1;
	classes = {
	};
	objectVersion = 50;
	objects = {

/* Begin PBXBuildFile section */
		AF42B7AB235E571D0079F27A /* AppDelegate.swift in Sources */ = {isa = PBXBuildFile; fileRef = AF42B7AA235E571D0079F27A /* AppDelegate.swift */; };
		AF42B7AD235E571D0079F27A /* SceneDelegate.swift in Sources */ = {isa = PBXBuildFile; fileRef = AF42B7AC235E571D0079F27A /* SceneDelegate.swift */; };
		AF42B7AF235E571D0079F27A /* ViewController.swift in Sources */ = {isa = PBXBuildFile; fileRef = AF42B7AE235E571D0079F27A /* ViewController.swift */; };
		AF42B7B2235E571D0079F27A /* Main.storyboard in Resources */ = {isa = PBXBuildFile; fileRef = AF42B7B0235E571D0079F27A /* Main.storyboard */; };
		AF42B7B4235E571F0079F27A /* Assets.xcassets in Resources */ = {isa = PBXBuildFile; fileRef = AF42B7B3235E571F0079F27A /* Assets.xcassets */; };
		AF42B7B7235E571F0079F27A /* LaunchScreen.storyboard in Resources */ = {isa = PBXBuildFile; fileRef = AF42B7B5235E571F0079F27A /* LaunchScreen.storyboard */; };
/* End PBXBuildFile section */

/* Begin PBXFileReference section */
		AF42B7A7235E571D0079F27A /* Tip Calculator Proper.app */ = {isa = PBXFileReference; explicitFileType = wrapper.application; includeInIndex = 0; path = "Tip Calculator Proper.app"; sourceTree = BUILT_PRODUCTS_DIR; };
		AF42B7AA235E571D0079F27A /* AppDelegate.swift */ = {isa = PBXFileReference; lastKnownFileType = sourcecode.swift; path = AppDelegate.swift; sourceTree = "<group>"; };
		AF42B7AC235E571D0079F27A /* SceneDelegate.swift */ = {isa = PBXFileReference; lastKnownFileType = sourcecode.swift; path = SceneDelegate.swift; sourceTree = "<group>"; };
		AF42B7AE235E571D0079F27A /* ViewController.swift */ = {isa = PBXFileReference; lastKnownFileType = sourcecode.swift; path = ViewController.swift; sourceTree = "<group>"; };
		AF42B7B1235E571D0079F27A /* Base */ = {isa = PBXFileReference; lastKnownFileType = file.storyboard; name = Base; path = Base.lproj/Main.storyboard; sourceTree = "<group>"; };
		AF42B7B3235E571F0079F27A /* Assets.xcassets */ = {isa = PBXFileReference; lastKnownFileType = folder.assetcatalog; path = Assets.xcassets; sourceTree = "<group>"; };
		AF42B7B6235E571F0079F27A /* Base */ = {isa = PBXFileReference; lastKnownFileType = file.storyboard; name = Base; path = Base.lproj/LaunchScreen.storyboard; sourceTree = "<group>"; };
		AF42B7B8235E57200079F27A /* Info.plist */ = {isa = PBXFileReference; lastKnownFileType = text.plist.xml; path = Info.plist; sourceTree = "<group>"; };
/* End PBXFileReference section */

/* Begin PBXFrameworksBuildPhase section */
		AF42B7A4235E571D0079F27A /* Frameworks */ = {
			isa = PBXFrameworksBuildPhase;
			buildActionMask = 2147483647;
			files = (
			);
			runOnlyForDeploymentPostprocessing = 0;
		};
/* End PBXFrameworksBuildPhase section */

/* Begin PBXGroup section */
		AF42B79E235E571D0079F27A = {
			isa = PBXGroup;
			children = (
				AF42B7A9235E571D0079F27A /* Tip Calculator Proper */,
				AF42B7A8235E571D0079F27A /* Products */,
			);
			sourceTree = "<group>";
		};
		AF42B7A8235E571D0079F27A /* Products */ = {
			isa = PBXGroup;
			children = (
				AF42B7A7235E571D0079F27A /* Tip Calculator Proper.app */,
			);
			name = Products;
			sourceTree = "<group>";
		};
		AF42B7A9235E571D0079F27A /* Tip Calculator Proper */ = {
			isa = PBXGroup;
			children = (
				AF42B7AA235E571D0079F27A /* AppDelegate.swift */,
				AF42B7AC235E571D0079F27A /* SceneDelegate.swift */,
				AF42B7AE235E571D0079F27A /* ViewController.swift */,
				AF42B7B0235E571D0079F27A /* Main.storyboard */,
				AF42B7B3235E571F0079F27A /* Assets.xcassets */,
				AF42B7B5235E571F0079F27A /* LaunchScreen.storyboard */,
				AF42B7B8235E57200079F27A /* Info.plist */,
			);
			path = "Tip Calculator Proper";
			sourceTree = "<group>";
		};
/* End PBXGroup section */

/* Begin PBXNativeTarget section */
		AF42B7A6235E571D0079F27A /* Tip Calculator Proper */ = {
			isa = PBXNativeTarget;
			buildConfigurationList = AF42B7BB235E57200079F27A /* Build configuration list for PBXNativeTarget "Tip Calculator Proper" */;
			buildPhases = (
				AF42B7A3235E571D0079F27A /* Sources */,
				AF42B7A4235E571D0079F27A /* Frameworks */,
				AF42B7A5235E571D0079F27A /* Resources */,
			);
			buildRules = (
			);
			dependencies = (
			);
			name = "Tip Calculator Proper";
			productName = "Tip Calculator Proper";
			productReference = AF42B7A7235E571D0079F27A /* Tip Calculator Proper.app */;
			productType = "com.apple.product-type.application";
		};
/* End PBXNativeTarget section */

/* Begin PBXProject section */
		AF42B79F235E571D0079F27A /* Project object */ = {
			isa = PBXProject;
			attributes = {
				LastSwiftUpdateCheck = 1110;
				LastUpgradeCheck = 1110;
				ORGANIZATIONNAME = "Landon Follows";
				TargetAttributes = {
					AF42B7A6235E571D0079F27A = {
						CreatedOnToolsVersion = 11.1;
					};
				};
			};
			buildConfigurationList = AF42B7A2235E571D0079F27A /* Build configuration list for PBXProject "Tip Calculator Proper" */;
			compatibilityVersion = "Xcode 9.3";
			developmentRegion = en;
			hasScannedForEncodings = 0;
			knownRegions = (
				en,
				Base,
			);
			mainGroup = AF42B79E235E571D0079F27A;
			productRefGroup = AF42B7A8235E571D0079F27A /* Products */;
			projectDirPath = "";
			projectRoot = "";
			targets = (
				AF42B7A6235E571D0079F27A /* Tip Calculator Proper */,
			);
		};
/* End PBXProject section */

/* Begin PBXResourcesBuildPhase section */
		AF42B7A5235E571D0079F27A /* Resources */ = {
			isa = PBXResourcesBuildPhase;
			buildActionMask = 2147483647;
			files = (
				AF42B7B7235E571F0079F27A /* LaunchScreen.storyboard in Resources */,
				AF42B7B4235E571F0079F27A /* Assets.xcassets in Resources */,
				AF42B7B2235E571D0079F27A /* Main.storyboard in Resources */,
			);
			runOnlyForDeploymentPostprocessing = 0;
		};
/* End PBXResourcesBuildPhase section */

/* Begin PBXSourcesBuildPhase section */
		AF42B7A3235E571D0079F27A /* Sources */ = {
			isa = PBXSourcesBuildPhase;
			buildActionMask = 2147483647;
			files = (
				AF42B7AF235E571D0079F27A /* ViewController.swift in Sources */,
				AF42B7AB235E571D0079F27A /* AppDelegate.swift in Sources */,
				AF42B7AD235E571D0079F27A /* SceneDelegate.swift in Sources */,
			);
			runOnlyForDeploymentPostprocessing = 0;
		};
/* End PBXSourcesBuildPhase section */

/* Begin PBXVariantGroup section */
		AF42B7B0235E571D0079F27A /* Main.storyboard */ = {
			isa = PBXVariantGroup;
			children = (
				AF42B7B1235E571D0079F27A /* Base */,
			);
			name = Main.storyboard;
			sourceTree = "<group>";
		};
		AF42B7B5235E571F0079F27A /* LaunchScreen.storyboard */ = {
			isa = PBXVariantGroup;
			children = (
				AF42B7B6235E571F0079F27A /* Base */,
			);
			name = LaunchScreen.storyboard;
			sourceTree = "<group>";
		};
/* End PBXVariantGroup section */

/* Begin XCBuildConfiguration section */
		AF42B7B9235E57200079F27A /* Debug */ = {
			isa = XCBuildConfiguration;
			buildSettings = {
				ALWAYS_SEARCH_USER_PATHS = NO;
				CLANG_ANALYZER_NONNULL = YES;
				CLANG_ANALYZER_NUMBER_OBJECT_CONVERSION = YES_AGGRESSIVE;
				CLANG_CXX_LANGUAGE_STANDARD = "gnu++14";
				CLANG_CXX_LIBRARY = "libc++";
				CLANG_ENABLE_MODULES = YES;
				CLANG_ENABLE_OBJC_ARC = YES;
				CLANG_ENABLE_OBJC_WEAK = YES;
				CLANG_WARN_BLOCK_CAPTURE_AUTORELEASING = YES;
				CLANG_WARN_BOOL_CONVERSION = YES;
				CLANG_WARN_COMMA = YES;
				CLANG_WARN_CONSTANT_CONVERSION = YES;
				CLANG_WARN_DEPRECATED_OBJC_IMPLEMENTATIONS = YES;
				CLANG_WARN_DIRECT_OBJC_ISA_USAGE = YES_ERROR;
				CLANG_WARN_DOCUMENTATION_COMMENTS = YES;
				CLANG_WARN_EMPTY_BODY = YES;
				CLANG_WARN_ENUM_CONVERSION = YES;
				CLANG_WARN_INFINITE_RECURSION = YES;
				CLANG_WARN_INT_CONVERSION = YES;
				CLANG_WARN_NON_LITERAL_NULL_CONVERSION = YES;
				CLANG_WARN_OBJC_IMPLICIT_RETAIN_SELF = YES;
				CLANG_WARN_OBJC_LITERAL_CONVERSION = YES;
				CLANG_WARN_OBJC_ROOT_CLASS = YES_ERROR;
				CLANG_WARN_RANGE_LOOP_ANALYSIS = YES;
				CLANG_WARN_STRICT_PROTOTYPES = YES;
				CLANG_WARN_SUSPICIOUS_MOVE = YES;
				CLANG_WARN_UNGUARDED_AVAILABILITY = YES_AGGRESSIVE;
				CLANG_WARN_UNREACHABLE_CODE = YES;
				CLANG_WARN__DUPLICATE_METHOD_MATCH = YES;
				COPY_PHASE_STRIP = NO;
				DEBUG_INFORMATION_FORMAT = dwarf;
				ENABLE_STRICT_OBJC_MSGSEND = YES;
				ENABLE_TESTABILITY = YES;
				GCC_C_LANGUAGE_STANDARD = gnu11;
				GCC_DYNAMIC_NO_PIC = NO;
				GCC_NO_COMMON_BLOCKS = YES;
				GCC_OPTIMIZATION_LEVEL = 0;
				GCC_PREPROCESSOR_DEFINITIONS = (
					"DEBUG=1",
					"$(inherited)",
				);
				GCC_WARN_64_TO_32_BIT_CONVERSION = YES;
				GCC_WARN_ABOUT_RETURN_TYPE = YES_ERROR;
				GCC_WARN_UNDECLARED_SELECTOR = YES;
				GCC_WARN_UNINITIALIZED_AUTOS = YES_AGGRESSIVE;
				GCC_WARN_UNUSED_FUNCTION = YES;
				GCC_WARN_UNUSED_VARIABLE = YES;
				IPHONEOS_DEPLOYMENT_TARGET = 13.1;
				MTL_ENABLE_DEBUG_INFO = INCLUDE_SOURCE;
				MTL_FAST_MATH = YES;
				ONLY_ACTIVE_ARCH = YES;
				SDKROOT = iphoneos;
				SWIFT_ACTIVE_COMPILATION_CONDITIONS = DEBUG;
				SWIFT_OPTIMIZATION_LEVEL = "-Onone";
			};
			name = Debug;
		};
		AF42B7BA235E57200079F27A /* Release */ = {
			isa = XCBuildConfiguration;
			buildSettings = {
				ALWAYS_SEARCH_USER_PATHS = NO;
				CLANG_ANALYZER_NONNULL = YES;
				CLANG_ANALYZER_NUMBER_OBJECT_CONVERSION = YES_AGGRESSIVE;
				CLANG_CXX_LANGUAGE_STANDARD = "gnu++14";
				CLANG_CXX_LIBRARY = "libc++";
				CLANG_ENABLE_MODULES = YES;
				CLANG_ENABLE_OBJC_ARC = YES;
				CLANG_ENABLE_OBJC_WEAK = YES;
				CLANG_WARN_BLOCK_CAPTURE_AUTORELEASING = YES;
				CLANG_WARN_BOOL_CONVERSION = YES;
				CLANG_WARN_COMMA = YES;
				CLANG_WARN_CONSTANT_CONVERSION = YES;
				CLANG_WARN_DEPRECATED_OBJC_IMPLEMENTATIONS = YES;
				CLANG_WARN_DIRECT_OBJC_ISA_USAGE = YES_ERROR;
				CLANG_WARN_DOCUMENTATION_COMMENTS = YES;
				CLANG_WARN_EMPTY_BODY = YES;
				CLANG_WARN_ENUM_CONVERSION = YES;
				CLANG_WARN_INFINITE_RECURSION = YES;
				CLANG_WARN_INT_CONVERSION = YES;
				CLANG_WARN_NON_LITERAL_NULL_CONVERSION = YES;
				CLANG_WARN_OBJC_IMPLICIT_RETAIN_SELF = YES;
				CLANG_WARN_OBJC_LITERAL_CONVERSION = YES;
				CLANG_WARN_OBJC_ROOT_CLASS = YES_ERROR;
				CLANG_WARN_RANGE_LOOP_ANALYSIS = YES;
				CLANG_WARN_STRICT_PROTOTYPES = YES;
				CLANG_WARN_SUSPICIOUS_MOVE = YES;
				CLANG_WARN_UNGUARDED_AVAILABILITY = YES_AGGRESSIVE;
				CLANG_WARN_UNREACHABLE_CODE = YES;
				CLANG_WARN__DUPLICATE_METHOD_MATCH = YES;
				COPY_PHASE_STRIP = NO;
				DEBUG_INFORMATION_FORMAT = "dwarf-with-dsym";
				ENABLE_NS_ASSERTIONS = NO;
				ENABLE_STRICT_OBJC_MSGSEND = YES;
				GCC_C_LANGUAGE_STANDARD = gnu11;
				GCC_NO_COMMON_BLOCKS = YES;
				GCC_WARN_64_TO_32_BIT_CONVERSION = YES;
				GCC_WARN_ABOUT_RETURN_TYPE = YES_ERROR;
				GCC_WARN_UNDECLARED_SELECTOR = YES;
				GCC_WARN_UNINITIALIZED_AUTOS = YES_AGGRESSIVE;
				GCC_WARN_UNUSED_FUNCTION = YES;
				GCC_WARN_UNUSED_VARIABLE = YES;
				IPHONEOS_DEPLOYMENT_TARGET = 13.1;
				MTL_ENABLE_DEBUG_INFO = NO;
				MTL_FAST_MATH = YES;
				SDKROOT = iphoneos;
				SWIFT_COMPILATION_MODE = wholemodule;
				SWIFT_OPTIMIZATION_LEVEL = "-O";
				VALIDATE_PRODUCT = YES;
			};
			name = Release;
		};
		AF42B7BC235E57200079F27A /* Debug */ = {
			isa = XCBuildConfiguration;
			buildSettings = {
				ASSETCATALOG_COMPILER_APPICON_NAME = AppIcon;
				CODE_SIGN_STYLE = Automatic;
				DEVELOPMENT_TEAM = 62AL3N68GL;
				INFOPLIST_FILE = "Tip Calculator Proper/Info.plist";
				LD_RUNPATH_SEARCH_PATHS = (
					"$(inherited)",
					"@executable_path/Frameworks",
				);
				PRODUCT_BUNDLE_IDENTIFIER = "com.landon.lcs.ca.Tip-Calculator-Proper";
				PRODUCT_NAME = "$(TARGET_NAME)";
				SWIFT_VERSION = 5.0;
				TARGETED_DEVICE_FAMILY = "1,2";
			};
			name = Debug;
		};
		AF42B7BD235E57200079F27A /* Release */ = {
			isa = XCBuildConfiguration;
			buildSettings = {
				ASSETCATALOG_COMPILER_APPICON_NAME = AppIcon;
				CODE_SIGN_STYLE = Automatic;
				DEVELOPMENT_TEAM = 62AL3N68GL;
				INFOPLIST_FILE = "Tip Calculator Proper/Info.plist";
				LD_RUNPATH_SEARCH_PATHS = (
					"$(inherited)",
					"@executable_path/Frameworks",
				);
				PRODUCT_BUNDLE_IDENTIFIER = "com.landon.lcs.ca.Tip-Calculator-Proper";
				PRODUCT_NAME = "$(TARGET_NAME)";
				SWIFT_VERSION = 5.0;
				TARGETED_DEVICE_FAMILY = "1,2";
			};
			name = Release;
		};
/* End XCBuildConfiguration section */

/* Begin XCConfigurationList section */
		AF42B7A2235E571D0079F27A /* Build configuration list for PBXProject "Tip Calculator Proper" */ = {
			isa = XCConfigurationList;
			buildConfigurations = (
				AF42B7B9235E57200079F27A /* Debug */,
				AF42B7BA235E57200079F27A /* Release */,
			);
			defaultConfigurationIsVisible = 0;
			defaultConfigurationName = Release;
		};
		AF42B7BB235E57200079F27A /* Build configuration list for PBXNativeTarget "Tip Calculator Proper" */ = {
			isa = XCConfigurationList;
			buildConfigurations = (
				AF42B7BC235E57200079F27A /* Debug */,
				AF42B7BD235E57200079F27A /* Release */,
			);
			defaultConfigurationIsVisible = 0;
			defaultConfigurationName = Release;
		};
/* End XCConfigurationList section */
	};
	rootObject = AF42B79F235E571D0079F27A /* Project object */;
}
